{
  "name": "libretranslatesource",
  "version": "0.0.3",
  "lockfileVersion": 3,
  "requires": true,
  "packages": {
    "": {
      "name": "libretranslatesource",
      "version": "0.0.3",
      "dependencies": {
        "axios": "0.21.4",
        "comment-translate-manager": "^0.0.2"
      },
      "devDependencies": {
        "@types/mocha": "^10.0.8",
        "@types/node": "20.x",
        "@types/vscode": "^1.93.0",
        "typescript": "^5.6.2"
      },
      "engines": {
        "vscode": "^1.93.0"
      }
    },
    "node_modules/@types/mocha": {
      "version": "10.0.8",
      "resolved": "http://nexus.ubiservices.ubi.com/repository/public-npm/@types/mocha/-/mocha-10.0.8.tgz",
      "integrity": "sha512-HfMcUmy9hTMJh66VNcmeC9iVErIZJli2bszuXc6julh5YGuRb/W5OnkHjwLNYdFlMis0sY3If5SEAp+PktdJjw==",
      "dev": true,
      "license": "MIT"
    },
    "node_modules/@types/node": {
      "version": "20.16.10",
      "resolved": "http://nexus.ubiservices.ubi.com/repository/public-npm/@types/node/-/node-20.16.10.tgz",
      "integrity": "sha512-vQUKgWTjEIRFCvK6CyriPH3MZYiYlNy0fKiEYHWbcoWLEgs4opurGGKlebrTLqdSMIbXImH6XExNiIyNUv3WpA==",
      "dev": true,
      "license": "MIT",
      "dependencies": {
        "undici-types": "~6.19.2"
      }
    },
    "node_modules/@types/vscode": {
      "version": "1.93.0",
      "resolved": "http://nexus.ubiservices.ubi.com/repository/public-npm/@types/vscode/-/vscode-1.93.0.tgz",
      "integrity": "sha512-kUK6jAHSR5zY8ps42xuW89NLcBpw1kOabah7yv38J8MyiYuOHxLQBi0e7zeXbQgVefDy/mZZetqEFC+Fl5eIEQ==",
      "license": "MIT"
    },
    "node_modules/axios": {
      "version": "0.21.4",
      "resolved": "http://nexus.ubiservices.ubi.com/repository/public-npm/axios/-/axios-0.21.4.tgz",
      "integrity": "sha512-ut5vewkiu8jjGBdqpM44XxjuCjq9LAKeHVmoVfHVzy8eHgxxq8SbAVQNovDA8mVi05kP0Ea/n/UzcSHcTJQfNg==",
      "license": "MIT",
      "dependencies": {
        "follow-redirects": "^1.14.0"
      }
    },
    "node_modules/comment-translate-manager": {
      "version": "0.0.2",
      "resolved": "http://nexus.ubiservices.ubi.com/repository/public-npm/comment-translate-manager/-/comment-translate-manager-0.0.2.tgz",
      "integrity": "sha512-mTdO71sUb7OFQ+2nt1eTUbudnkmt+hxAau2kgRXfuXo2ihxfTgolg9zT0eekqpu8d3/fJEl6C6Ysq6OVIPd4Hg==",
      "engines": {
        "vscode": "^1.63.0"
      },
      "peerDependencies": {
        "@types/vscode": "^1.63.0"
      }
    },
    "node_modules/follow-redirects": {
      "version": "1.15.9",
      "resolved": "http://nexus.ubiservices.ubi.com/repository/public-npm/follow-redirects/-/follow-redirects-1.15.9.tgz",
      "integrity": "sha512-gew4GsXizNgdoRyqmyfMHyAmXsZDk6mHkSxZFCzW9gwlbtOW44CDtYavM+y+72qD/Vq2l550kMF52DT8fOLJqQ==",
      "funding": [
        {
          "type": "individual",
          "url": "https://github.com/sponsors/RubenVerborgh"
        }
      ],
      "license": "MIT",
      "engines": {
        "node": ">=4.0"
      },
      "peerDependenciesMeta": {
        "debug": {
          "optional": true
        }
      }
    },
    "node_modules/typescript": {
      "version": "5.6.2",
      "resolved": "http://nexus.ubiservices.ubi.com/repository/public-npm/typescript/-/typescript-5.6.2.tgz",
      "integrity": "sha512-NW8ByodCSNCwZeghjN3o+JX5OFH0Ojg6sadjEKY4huZ52TqbJTJnDo5+Tw98lSy63NZvi4n+ez5m2u5d4PkZyw==",
      "dev": true,
      "license": "Apache-2.0",
      "bin": {
        "tsc": "bin/tsc",
        "tsserver": "bin/tsserver"
      },
      "engines": {
        "node": ">=14.17"
      }
    },
    "node_modules/undici-types": {
      "version": "6.19.8",
      "resolved": "http://nexus.ubiservices.ubi.com/repository/public-npm/undici-types/-/undici-types-6.19.8.tgz",
      "integrity": "sha512-ve2KP6f/JnbPBFyobGHuerC9g1FYGn/F8n1LWTwNxCEzd6IfqTwUQcNXgEtmmQ6DlRrC1hrSrBnCZPokRrDHjw==",
      "dev": true,
      "license": "MIT"
    }
  }
}
